// !$*UTF8*$!
{
	archiveVersion = 1;
	classes = {
	};
	objectVersion = 56;
	objects = {

/* Begin PBXBuildFile section */
		1A49EB882B4F240A00C943CD /* NetworkConstant.swift in Sources */ = {isa = PBXBuildFile; fileRef = 1A49EB872B4F240A00C943CD /* NetworkConstant.swift */; };
		1A49EB8A2B4F258D00C943CD /* APICaller.swift in Sources */ = {isa = PBXBuildFile; fileRef = 1A49EB892B4F258D00C943CD /* APICaller.swift */; };
		1A49EB8C2B4F268000C943CD /* TrendingModelMovies.swift in Sources */ = {isa = PBXBuildFile; fileRef = 1A49EB8B2B4F268000C943CD /* TrendingModelMovies.swift */; };
		1A49EB8E2B4FCE5900C943CD /* Observable.swift in Sources */ = {isa = PBXBuildFile; fileRef = 1A49EB8D2B4FCE5900C943CD /* Observable.swift */; };
		1A49EB982B5512E500C943CD /* MovieTableViewCell.swift in Sources */ = {isa = PBXBuildFile; fileRef = 1A49EB962B5512E500C943CD /* MovieTableViewCell.swift */; };
		1A49EB9C2B55161800C943CD /* SnapKit in Frameworks */ = {isa = PBXBuildFile; productRef = 1A49EB9B2B55161800C943CD /* SnapKit */; };
		1A49EB9E2B5590DF00C943CD /* UIViewExtension.swift in Sources */ = {isa = PBXBuildFile; fileRef = 1A49EB9D2B5590DF00C943CD /* UIViewExtension.swift */; };
		1A49EBA02B55920700C943CD /* MovieTableViewCellViewModel.swift in Sources */ = {isa = PBXBuildFile; fileRef = 1A49EB9F2B55920700C943CD /* MovieTableViewCellViewModel.swift */; };
		1A49EBA32B5596D200C943CD /* SDWebImage in Frameworks */ = {isa = PBXBuildFile; productRef = 1A49EBA22B5596D200C943CD /* SDWebImage */; };
		1A49EBA62B55AD3D00C943CD /* DetailsMovieViewController.swift in Sources */ = {isa = PBXBuildFile; fileRef = 1A49EBA52B55AD3D00C943CD /* DetailsMovieViewController.swift */; };
		1A49EBA82B55B20C00C943CD /* DetailsMovieViewModel.swift in Sources */ = {isa = PBXBuildFile; fileRef = 1A49EBA72B55B20C00C943CD /* DetailsMovieViewModel.swift */; };
		1AD621C42B4EA26500DC9D52 /* AppDelegate.swift in Sources */ = {isa = PBXBuildFile; fileRef = 1AD621C32B4EA26500DC9D52 /* AppDelegate.swift */; };
		1AD621CD2B4EA26600DC9D52 /* Assets.xcassets in Resources */ = {isa = PBXBuildFile; fileRef = 1AD621CC2B4EA26600DC9D52 /* Assets.xcassets */; };
		1AD621D02B4EA26600DC9D52 /* LaunchScreen.storyboard in Resources */ = {isa = PBXBuildFile; fileRef = 1AD621CE2B4EA26600DC9D52 /* LaunchScreen.storyboard */; };
		1AD621DB2B4EA26600DC9D52 /* MVVM_Study_APP_Tests.swift in Sources */ = {isa = PBXBuildFile; fileRef = 1AD621DA2B4EA26600DC9D52 /* MVVM_Study_APP_Tests.swift */; };
		1AD621E52B4EA26600DC9D52 /* MVVM_Study_APP_UITests.swift in Sources */ = {isa = PBXBuildFile; fileRef = 1AD621E42B4EA26600DC9D52 /* MVVM_Study_APP_UITests.swift */; };
		1AD621E72B4EA26600DC9D52 /* MVVM_Study_APP_UITestsLaunchTests.swift in Sources */ = {isa = PBXBuildFile; fileRef = 1AD621E62B4EA26600DC9D52 /* MVVM_Study_APP_UITestsLaunchTests.swift */; };
		1AD621F62B4EA3C100DC9D52 /* MainViewController.swift in Sources */ = {isa = PBXBuildFile; fileRef = 1AD621F42B4EA3C100DC9D52 /* MainViewController.swift */; };
		1AD621F72B4EA3C100DC9D52 /* MainViewController.xib in Resources */ = {isa = PBXBuildFile; fileRef = 1AD621F52B4EA3C100DC9D52 /* MainViewController.xib */; };
		1AD622012B4EAB5500DC9D52 /* MainViewController+TableView.swift in Sources */ = {isa = PBXBuildFile; fileRef = 1AD622002B4EAB5500DC9D52 /* MainViewController+TableView.swift */; };
		1AD622032B4EACF400DC9D52 /* MainViewModel.swift in Sources */ = {isa = PBXBuildFile; fileRef = 1AD622022B4EACF400DC9D52 /* MainViewModel.swift */; };
/* End PBXBuildFile section */

/* Begin PBXContainerItemProxy section */
		1AD621D72B4EA26600DC9D52 /* PBXContainerItemProxy */ = {
			isa = PBXContainerItemProxy;
			containerPortal = 1AD621B82B4EA26500DC9D52 /* Project object */;
			proxyType = 1;
			remoteGlobalIDString = 1AD621BF2B4EA26500DC9D52;
			remoteInfo = "MVVM(Study APP)";
		};
		1AD621E12B4EA26600DC9D52 /* PBXContainerItemProxy */ = {
			isa = PBXContainerItemProxy;
			containerPortal = 1AD621B82B4EA26500DC9D52 /* Project object */;
			proxyType = 1;
			remoteGlobalIDString = 1AD621BF2B4EA26500DC9D52;
			remoteInfo = "MVVM(Study APP)";
		};
/* End PBXContainerItemProxy section */

/* Begin PBXFileReference section */
		1A49EB872B4F240A00C943CD /* NetworkConstant.swift */ = {isa = PBXFileReference; lastKnownFileType = sourcecode.swift; path = NetworkConstant.swift; sourceTree = "<group>"; };
		1A49EB892B4F258D00C943CD /* APICaller.swift */ = {isa = PBXFileReference; lastKnownFileType = sourcecode.swift; path = APICaller.swift; sourceTree = "<group>"; };
		1A49EB8B2B4F268000C943CD /* TrendingModelMovies.swift */ = {isa = PBXFileReference; lastKnownFileType = sourcecode.swift; path = TrendingModelMovies.swift; sourceTree = "<group>"; };
		1A49EB8D2B4FCE5900C943CD /* Observable.swift */ = {isa = PBXFileReference; lastKnownFileType = sourcecode.swift; path = Observable.swift; sourceTree = "<group>"; };
		1A49EB962B5512E500C943CD /* MovieTableViewCell.swift */ = {isa = PBXFileReference; lastKnownFileType = sourcecode.swift; path = MovieTableViewCell.swift; sourceTree = "<group>"; };
		1A49EB9D2B5590DF00C943CD /* UIViewExtension.swift */ = {isa = PBXFileReference; lastKnownFileType = sourcecode.swift; path = UIViewExtension.swift; sourceTree = "<group>"; };
		1A49EB9F2B55920700C943CD /* MovieTableViewCellViewModel.swift */ = {isa = PBXFileReference; lastKnownFileType = sourcecode.swift; path = MovieTableViewCellViewModel.swift; sourceTree = "<group>"; };
		1A49EBA52B55AD3D00C943CD /* DetailsMovieViewController.swift */ = {isa = PBXFileReference; lastKnownFileType = sourcecode.swift; path = DetailsMovieViewController.swift; sourceTree = "<group>"; };
		1A49EBA72B55B20C00C943CD /* DetailsMovieViewModel.swift */ = {isa = PBXFileReference; lastKnownFileType = sourcecode.swift; path = DetailsMovieViewModel.swift; sourceTree = "<group>"; };
		1AD621C02B4EA26500DC9D52 /* MVVM(Study APP).app */ = {isa = PBXFileReference; explicitFileType = wrapper.application; includeInIndex = 0; path = "MVVM(Study APP).app"; sourceTree = BUILT_PRODUCTS_DIR; };
		1AD621C32B4EA26500DC9D52 /* AppDelegate.swift */ = {isa = PBXFileReference; lastKnownFileType = sourcecode.swift; path = AppDelegate.swift; sourceTree = "<group>"; };
		1AD621CC2B4EA26600DC9D52 /* Assets.xcassets */ = {isa = PBXFileReference; lastKnownFileType = folder.assetcatalog; path = Assets.xcassets; sourceTree = "<group>"; };
		1AD621CF2B4EA26600DC9D52 /* Base */ = {isa = PBXFileReference; lastKnownFileType = file.storyboard; name = Base; path = Base.lproj/LaunchScreen.storyboard; sourceTree = "<group>"; };
		1AD621D12B4EA26600DC9D52 /* Info.plist */ = {isa = PBXFileReference; lastKnownFileType = text.plist.xml; path = Info.plist; sourceTree = "<group>"; };
		1AD621D62B4EA26600DC9D52 /* MVVM(Study APP)Tests.xctest */ = {isa = PBXFileReference; explicitFileType = wrapper.cfbundle; includeInIndex = 0; path = "MVVM(Study APP)Tests.xctest"; sourceTree = BUILT_PRODUCTS_DIR; };
		1AD621DA2B4EA26600DC9D52 /* MVVM_Study_APP_Tests.swift */ = {isa = PBXFileReference; lastKnownFileType = sourcecode.swift; path = MVVM_Study_APP_Tests.swift; sourceTree = "<group>"; };
		1AD621E02B4EA26600DC9D52 /* MVVM(Study APP)UITests.xctest */ = {isa = PBXFileReference; explicitFileType = wrapper.cfbundle; includeInIndex = 0; path = "MVVM(Study APP)UITests.xctest"; sourceTree = BUILT_PRODUCTS_DIR; };
		1AD621E42B4EA26600DC9D52 /* MVVM_Study_APP_UITests.swift */ = {isa = PBXFileReference; lastKnownFileType = sourcecode.swift; path = MVVM_Study_APP_UITests.swift; sourceTree = "<group>"; };
		1AD621E62B4EA26600DC9D52 /* MVVM_Study_APP_UITestsLaunchTests.swift */ = {isa = PBXFileReference; lastKnownFileType = sourcecode.swift; path = MVVM_Study_APP_UITestsLaunchTests.swift; sourceTree = "<group>"; };
		1AD621F42B4EA3C100DC9D52 /* MainViewController.swift */ = {isa = PBXFileReference; lastKnownFileType = sourcecode.swift; path = MainViewController.swift; sourceTree = "<group>"; };
		1AD621F52B4EA3C100DC9D52 /* MainViewController.xib */ = {isa = PBXFileReference; lastKnownFileType = file.xib; path = MainViewController.xib; sourceTree = "<group>"; };
		1AD622002B4EAB5500DC9D52 /* MainViewController+TableView.swift */ = {isa = PBXFileReference; lastKnownFileType = sourcecode.swift; path = "MainViewController+TableView.swift"; sourceTree = "<group>"; };
		1AD622022B4EACF400DC9D52 /* MainViewModel.swift */ = {isa = PBXFileReference; lastKnownFileType = sourcecode.swift; path = MainViewModel.swift; sourceTree = "<group>"; };
/* End PBXFileReference section */

/* Begin PBXFrameworksBuildPhase section */
		1AD621BD2B4EA26500DC9D52 /* Frameworks */ = {
			isa = PBXFrameworksBuildPhase;
			buildActionMask = 2147483647;
			files = (
				1A49EBA32B5596D200C943CD /* SDWebImage in Frameworks */,
				1A49EB9C2B55161800C943CD /* SnapKit in Frameworks */,
			);
			runOnlyForDeploymentPostprocessing = 0;
		};
		1AD621D32B4EA26600DC9D52 /* Frameworks */ = {
			isa = PBXFrameworksBuildPhase;
			buildActionMask = 2147483647;
			files = (
			);
			runOnlyForDeploymentPostprocessing = 0;
		};
		1AD621DD2B4EA26600DC9D52 /* Frameworks */ = {
			isa = PBXFrameworksBuildPhase;
			buildActionMask = 2147483647;
			files = (
			);
			runOnlyForDeploymentPostprocessing = 0;
		};
/* End PBXFrameworksBuildPhase section */

/* Begin PBXGroup section */
		1A49EB912B55125800C943CD /* MovieTableViewCell */ = {
			isa = PBXGroup;
			children = (
				1A49EB962B5512E500C943CD /* MovieTableViewCell.swift */,
			);
			path = MovieTableViewCell;
			sourceTree = "<group>";
		};
		1A49EBA42B55AD0700C943CD /* DetailsMovieViewController */ = {
			isa = PBXGroup;
			children = (
				1A49EBA52B55AD3D00C943CD /* DetailsMovieViewController.swift */,
			);
			path = DetailsMovieViewController;
			sourceTree = "<group>";
		};
		1AD621B72B4EA26500DC9D52 = {
			isa = PBXGroup;
			children = (
				1AD621C22B4EA26500DC9D52 /* MVVM(Study APP) */,
				1AD621D92B4EA26600DC9D52 /* MVVM(Study APP)Tests */,
				1AD621E32B4EA26600DC9D52 /* MVVM(Study APP)UITests */,
				1AD621C12B4EA26500DC9D52 /* Products */,
			);
			sourceTree = "<group>";
		};
		1AD621C12B4EA26500DC9D52 /* Products */ = {
			isa = PBXGroup;
			children = (
				1AD621C02B4EA26500DC9D52 /* MVVM(Study APP).app */,
				1AD621D62B4EA26600DC9D52 /* MVVM(Study APP)Tests.xctest */,
				1AD621E02B4EA26600DC9D52 /* MVVM(Study APP)UITests.xctest */,
			);
			name = Products;
			sourceTree = "<group>";
		};
		1AD621C22B4EA26500DC9D52 /* MVVM(Study APP) */ = {
			isa = PBXGroup;
			children = (
				1AD621FF2B4EA60A00DC9D52 /* Networking */,
				1AD621FE2B4EA5F500DC9D52 /* Extensions */,
				1AD621FD2B4EA5E800DC9D52 /* Resources */,
				1AD621FC2B4EA5D900DC9D52 /* Classes */,
				1AD621FB2B4EA5D100DC9D52 /* Model */,
				1AD621FA2B4EA5C400DC9D52 /* Controller */,
				1AD621F92B4EA5BC00DC9D52 /* ViewModel */,
				1AD621F82B4EA5B500DC9D52 /* View */,
				1AD621C32B4EA26500DC9D52 /* AppDelegate.swift */,
				1AD621D12B4EA26600DC9D52 /* Info.plist */,
			);
			path = "MVVM(Study APP)";
			sourceTree = "<group>";
		};
		1AD621D92B4EA26600DC9D52 /* MVVM(Study APP)Tests */ = {
			isa = PBXGroup;
			children = (
				1AD621DA2B4EA26600DC9D52 /* MVVM_Study_APP_Tests.swift */,
			);
			path = "MVVM(Study APP)Tests";
			sourceTree = "<group>";
		};
		1AD621E32B4EA26600DC9D52 /* MVVM(Study APP)UITests */ = {
			isa = PBXGroup;
			children = (
				1AD621E42B4EA26600DC9D52 /* MVVM_Study_APP_UITests.swift */,
				1AD621E62B4EA26600DC9D52 /* MVVM_Study_APP_UITestsLaunchTests.swift */,
			);
			path = "MVVM(Study APP)UITests";
			sourceTree = "<group>";
		};
		1AD621F32B4EA3A400DC9D52 /* MainViewController */ = {
			isa = PBXGroup;
			children = (
				1AD621F42B4EA3C100DC9D52 /* MainViewController.swift */,
				1AD621F52B4EA3C100DC9D52 /* MainViewController.xib */,
				1AD622002B4EAB5500DC9D52 /* MainViewController+TableView.swift */,
			);
			path = MainViewController;
			sourceTree = "<group>";
		};
		1AD621F82B4EA5B500DC9D52 /* View */ = {
			isa = PBXGroup;
			children = (
				1A49EB912B55125800C943CD /* MovieTableViewCell */,
				1AD621CE2B4EA26600DC9D52 /* LaunchScreen.storyboard */,
			);
			path = View;
			sourceTree = "<group>";
		};
		1AD621F92B4EA5BC00DC9D52 /* ViewModel */ = {
			isa = PBXGroup;
			children = (
				1AD622022B4EACF400DC9D52 /* MainViewModel.swift */,
				1A49EB9F2B55920700C943CD /* MovieTableViewCellViewModel.swift */,
				1A49EBA72B55B20C00C943CD /* DetailsMovieViewModel.swift */,
			);
			path = ViewModel;
			sourceTree = "<group>";
		};
		1AD621FA2B4EA5C400DC9D52 /* Controller */ = {
			isa = PBXGroup;
			children = (
				1A49EBA42B55AD0700C943CD /* DetailsMovieViewController */,
				1AD621F32B4EA3A400DC9D52 /* MainViewController */,
			);
			path = Controller;
			sourceTree = "<group>";
		};
		1AD621FB2B4EA5D100DC9D52 /* Model */ = {
			isa = PBXGroup;
			children = (
				1A49EB8B2B4F268000C943CD /* TrendingModelMovies.swift */,
			);
			path = Model;
			sourceTree = "<group>";
		};
		1AD621FC2B4EA5D900DC9D52 /* Classes */ = {
			isa = PBXGroup;
			children = (
				1A49EB8D2B4FCE5900C943CD /* Observable.swift */,
			);
			path = Classes;
			sourceTree = "<group>";
		};
		1AD621FD2B4EA5E800DC9D52 /* Resources */ = {
			isa = PBXGroup;
			children = (
				1AD621CC2B4EA26600DC9D52 /* Assets.xcassets */,
			);
			path = Resources;
			sourceTree = "<group>";
		};
		1AD621FE2B4EA5F500DC9D52 /* Extensions */ = {
			isa = PBXGroup;
			children = (
				1A49EB9D2B5590DF00C943CD /* UIViewExtension.swift */,
			);
			path = Extensions;
			sourceTree = "<group>";
		};
		1AD621FF2B4EA60A00DC9D52 /* Networking */ = {
			isa = PBXGroup;
			children = (
				1A49EB872B4F240A00C943CD /* NetworkConstant.swift */,
				1A49EB892B4F258D00C943CD /* APICaller.swift */,
			);
			path = Networking;
			sourceTree = "<group>";
		};
/* End PBXGroup section */

/* Begin PBXNativeTarget section */
		1AD621BF2B4EA26500DC9D52 /* MVVM(Study APP) */ = {
			isa = PBXNativeTarget;
			buildConfigurationList = 1AD621EA2B4EA26600DC9D52 /* Build configuration list for PBXNativeTarget "MVVM(Study APP)" */;
			buildPhases = (
				1AD621BC2B4EA26500DC9D52 /* Sources */,
				1AD621BD2B4EA26500DC9D52 /* Frameworks */,
				1AD621BE2B4EA26500DC9D52 /* Resources */,
			);
			buildRules = (
			);
			dependencies = (
			);
			name = "MVVM(Study APP)";
			packageProductDependencies = (
				1A49EB9B2B55161800C943CD /* SnapKit */,
				1A49EBA22B5596D200C943CD /* SDWebImage */,
			);
			productName = "MVVM(Study APP)";
			productReference = 1AD621C02B4EA26500DC9D52 /* MVVM(Study APP).app */;
			productType = "com.apple.product-type.application";
		};
		1AD621D52B4EA26600DC9D52 /* MVVM(Study APP)Tests */ = {
			isa = PBXNativeTarget;
			buildConfigurationList = 1AD621ED2B4EA26600DC9D52 /* Build configuration list for PBXNativeTarget "MVVM(Study APP)Tests" */;
			buildPhases = (
				1AD621D22B4EA26600DC9D52 /* Sources */,
				1AD621D32B4EA26600DC9D52 /* Frameworks */,
				1AD621D42B4EA26600DC9D52 /* Resources */,
			);
			buildRules = (
			);
			dependencies = (
				1AD621D82B4EA26600DC9D52 /* PBXTargetDependency */,
			);
			name = "MVVM(Study APP)Tests";
			productName = "MVVM(Study APP)Tests";
			productReference = 1AD621D62B4EA26600DC9D52 /* MVVM(Study APP)Tests.xctest */;
			productType = "com.apple.product-type.bundle.unit-test";
		};
		1AD621DF2B4EA26600DC9D52 /* MVVM(Study APP)UITests */ = {
			isa = PBXNativeTarget;
			buildConfigurationList = 1AD621F02B4EA26600DC9D52 /* Build configuration list for PBXNativeTarget "MVVM(Study APP)UITests" */;
			buildPhases = (
				1AD621DC2B4EA26600DC9D52 /* Sources */,
				1AD621DD2B4EA26600DC9D52 /* Frameworks */,
				1AD621DE2B4EA26600DC9D52 /* Resources */,
			);
			buildRules = (
			);
			dependencies = (
				1AD621E22B4EA26600DC9D52 /* PBXTargetDependency */,
			);
			name = "MVVM(Study APP)UITests";
			productName = "MVVM(Study APP)UITests";
			productReference = 1AD621E02B4EA26600DC9D52 /* MVVM(Study APP)UITests.xctest */;
			productType = "com.apple.product-type.bundle.ui-testing";
		};
/* End PBXNativeTarget section */

/* Begin PBXProject section */
		1AD621B82B4EA26500DC9D52 /* Project object */ = {
			isa = PBXProject;
			attributes = {
				BuildIndependentTargetsInParallel = 1;
				LastSwiftUpdateCheck = 1430;
				LastUpgradeCheck = 1430;
				TargetAttributes = {
					1AD621BF2B4EA26500DC9D52 = {
						CreatedOnToolsVersion = 14.3;
					};
					1AD621D52B4EA26600DC9D52 = {
						CreatedOnToolsVersion = 14.3;
						TestTargetID = 1AD621BF2B4EA26500DC9D52;
					};
					1AD621DF2B4EA26600DC9D52 = {
						CreatedOnToolsVersion = 14.3;
						TestTargetID = 1AD621BF2B4EA26500DC9D52;
					};
				};
			};
			buildConfigurationList = 1AD621BB2B4EA26500DC9D52 /* Build configuration list for PBXProject "MVVM(Study APP)" */;
			compatibilityVersion = "Xcode 14.0";
			developmentRegion = en;
			hasScannedForEncodings = 0;
			knownRegions = (
				en,
				Base,
			);
			mainGroup = 1AD621B72B4EA26500DC9D52;
			packageReferences = (
				1A49EB9A2B55161800C943CD /* XCRemoteSwiftPackageReference "SnapKit" */,
				1A49EBA12B5596D200C943CD /* XCRemoteSwiftPackageReference "SDWebImage" */,
			);
			productRefGroup = 1AD621C12B4EA26500DC9D52 /* Products */;
			projectDirPath = "";
			projectRoot = "";
			targets = (
				1AD621BF2B4EA26500DC9D52 /* MVVM(Study APP) */,
				1AD621D52B4EA26600DC9D52 /* MVVM(Study APP)Tests */,
				1AD621DF2B4EA26600DC9D52 /* MVVM(Study APP)UITests */,
			);
		};
/* End PBXProject section */

/* Begin PBXResourcesBuildPhase section */
		1AD621BE2B4EA26500DC9D52 /* Resources */ = {
			isa = PBXResourcesBuildPhase;
			buildActionMask = 2147483647;
			files = (
				1AD621D02B4EA26600DC9D52 /* LaunchScreen.storyboard in Resources */,
				1AD621F72B4EA3C100DC9D52 /* MainViewController.xib in Resources */,
				1AD621CD2B4EA26600DC9D52 /* Assets.xcassets in Resources */,
			);
			runOnlyForDeploymentPostprocessing = 0;
		};
		1AD621D42B4EA26600DC9D52 /* Resources */ = {
			isa = PBXResourcesBuildPhase;
			buildActionMask = 2147483647;
			files = (
			);
			runOnlyForDeploymentPostprocessing = 0;
		};
		1AD621DE2B4EA26600DC9D52 /* Resources */ = {
			isa = PBXResourcesBuildPhase;
			buildActionMask = 2147483647;
			files = (
			);
			runOnlyForDeploymentPostprocessing = 0;
		};
/* End PBXResourcesBuildPhase section */

/* Begin PBXSourcesBuildPhase section */
		1AD621BC2B4EA26500DC9D52 /* Sources */ = {
			isa = PBXSourcesBuildPhase;
			buildActionMask = 2147483647;
			files = (
				1A49EB9E2B5590DF00C943CD /* UIViewExtension.swift in Sources */,
				1A49EB8E2B4FCE5900C943CD /* Observable.swift in Sources */,
				1AD621C42B4EA26500DC9D52 /* AppDelegate.swift in Sources */,
				1A49EB982B5512E500C943CD /* MovieTableViewCell.swift in Sources */,
				1A49EBA62B55AD3D00C943CD /* DetailsMovieViewController.swift in Sources */,
				1A49EB8A2B4F258D00C943CD /* APICaller.swift in Sources */,
				1AD622012B4EAB5500DC9D52 /* MainViewController+TableView.swift in Sources */,
				1AD621F62B4EA3C100DC9D52 /* MainViewController.swift in Sources */,
				1A49EBA02B55920700C943CD /* MovieTableViewCellViewModel.swift in Sources */,
				1A49EB882B4F240A00C943CD /* NetworkConstant.swift in Sources */,
				1A49EBA82B55B20C00C943CD /* DetailsMovieViewModel.swift in Sources */,
				1A49EB8C2B4F268000C943CD /* TrendingModelMovies.swift in Sources */,
				1AD622032B4EACF400DC9D52 /* MainViewModel.swift in Sources */,
			);
			runOnlyForDeploymentPostprocessing = 0;
		};
		1AD621D22B4EA26600DC9D52 /* Sources */ = {
			isa = PBXSourcesBuildPhase;
			buildActionMask = 2147483647;
			files = (
				1AD621DB2B4EA26600DC9D52 /* MVVM_Study_APP_Tests.swift in Sources */,
			);
			runOnlyForDeploymentPostprocessing = 0;
		};
		1AD621DC2B4EA26600DC9D52 /* Sources */ = {
			isa = PBXSourcesBuildPhase;
			buildActionMask = 2147483647;
			files = (
				1AD621E72B4EA26600DC9D52 /* MVVM_Study_APP_UITestsLaunchTests.swift in Sources */,
				1AD621E52B4EA26600DC9D52 /* MVVM_Study_APP_UITests.swift in Sources */,
			);
			runOnlyForDeploymentPostprocessing = 0;
		};
/* End PBXSourcesBuildPhase section */

/* Begin PBXTargetDependency section */
		1AD621D82B4EA26600DC9D52 /* PBXTargetDependency */ = {
			isa = PBXTargetDependency;
			target = 1AD621BF2B4EA26500DC9D52 /* MVVM(Study APP) */;
			targetProxy = 1AD621D72B4EA26600DC9D52 /* PBXContainerItemProxy */;
		};
		1AD621E22B4EA26600DC9D52 /* PBXTargetDependency */ = {
			isa = PBXTargetDependency;
			target = 1AD621BF2B4EA26500DC9D52 /* MVVM(Study APP) */;
			targetProxy = 1AD621E12B4EA26600DC9D52 /* PBXContainerItemProxy */;
		};
/* End PBXTargetDependency section */

/* Begin PBXVariantGroup section */
		1AD621CE2B4EA26600DC9D52 /* LaunchScreen.storyboard */ = {
			isa = PBXVariantGroup;
			children = (
				1AD621CF2B4EA26600DC9D52 /* Base */,
			);
			name = LaunchScreen.storyboard;
			sourceTree = "<group>";
		};
/* End PBXVariantGroup section */

/* Begin XCBuildConfiguration section */
		1AD621E82B4EA26600DC9D52 /* Debug */ = {
			isa = XCBuildConfiguration;
			buildSettings = {
				ALWAYS_SEARCH_USER_PATHS = NO;
				CLANG_ANALYZER_NONNULL = YES;
				CLANG_ANALYZER_NUMBER_OBJECT_CONVERSION = YES_AGGRESSIVE;
				CLANG_CXX_LANGUAGE_STANDARD = "gnu++20";
				CLANG_ENABLE_MODULES = YES;
				CLANG_ENABLE_OBJC_ARC = YES;
				CLANG_ENABLE_OBJC_WEAK = YES;
				CLANG_WARN_BLOCK_CAPTURE_AUTORELEASING = YES;
				CLANG_WARN_BOOL_CONVERSION = YES;
				CLANG_WARN_COMMA = YES;
				CLANG_WARN_CONSTANT_CONVERSION = YES;
				CLANG_WARN_DEPRECATED_OBJC_IMPLEMENTATIONS = YES;
				CLANG_WARN_DIRECT_OBJC_ISA_USAGE = YES_ERROR;
				CLANG_WARN_DOCUMENTATION_COMMENTS = YES;
				CLANG_WARN_EMPTY_BODY = YES;
				CLANG_WARN_ENUM_CONVERSION = YES;
				CLANG_WARN_INFINITE_RECURSION = YES;
				CLANG_WARN_INT_CONVERSION = YES;
				CLANG_WARN_NON_LITERAL_NULL_CONVERSION = YES;
				CLANG_WARN_OBJC_IMPLICIT_RETAIN_SELF = YES;
				CLANG_WARN_OBJC_LITERAL_CONVERSION = YES;
				CLANG_WARN_OBJC_ROOT_CLASS = YES_ERROR;
				CLANG_WARN_QUOTED_INCLUDE_IN_FRAMEWORK_HEADER = YES;
				CLANG_WARN_RANGE_LOOP_ANALYSIS = YES;
				CLANG_WARN_STRICT_PROTOTYPES = YES;
				CLANG_WARN_SUSPICIOUS_MOVE = YES;
				CLANG_WARN_UNGUARDED_AVAILABILITY = YES_AGGRESSIVE;
				CLANG_WARN_UNREACHABLE_CODE = YES;
				CLANG_WARN__DUPLICATE_METHOD_MATCH = YES;
				COPY_PHASE_STRIP = NO;
				DEBUG_INFORMATION_FORMAT = dwarf;
				ENABLE_STRICT_OBJC_MSGSEND = YES;
				ENABLE_TESTABILITY = YES;
				GCC_C_LANGUAGE_STANDARD = gnu11;
				GCC_DYNAMIC_NO_PIC = NO;
				GCC_NO_COMMON_BLOCKS = YES;
				GCC_OPTIMIZATION_LEVEL = 0;
				GCC_PREPROCESSOR_DEFINITIONS = (
					"DEBUG=1",
					"$(inherited)",
				);
				GCC_WARN_64_TO_32_BIT_CONVERSION = YES;
				GCC_WARN_ABOUT_RETURN_TYPE = YES_ERROR;
				GCC_WARN_UNDECLARED_SELECTOR = YES;
				GCC_WARN_UNINITIALIZED_AUTOS = YES_AGGRESSIVE;
				GCC_WARN_UNUSED_FUNCTION = YES;
				GCC_WARN_UNUSED_VARIABLE = YES;
				IPHONEOS_DEPLOYMENT_TARGET = 16.4;
				MTL_ENABLE_DEBUG_INFO = INCLUDE_SOURCE;
				MTL_FAST_MATH = YES;
				ONLY_ACTIVE_ARCH = YES;
				SDKROOT = iphoneos;
				SWIFT_ACTIVE_COMPILATION_CONDITIONS = DEBUG;
				SWIFT_OPTIMIZATION_LEVEL = "-Onone";
			};
			name = Debug;
		};
		1AD621E92B4EA26600DC9D52 /* Release */ = {
			isa = XCBuildConfiguration;
			buildSettings = {
				ALWAYS_SEARCH_USER_PATHS = NO;
				CLANG_ANALYZER_NONNULL = YES;
				CLANG_ANALYZER_NUMBER_OBJECT_CONVERSION = YES_AGGRESSIVE;
				CLANG_CXX_LANGUAGE_STANDARD = "gnu++20";
				CLANG_ENABLE_MODULES = YES;
				CLANG_ENABLE_OBJC_ARC = YES;
				CLANG_ENABLE_OBJC_WEAK = YES;
				CLANG_WARN_BLOCK_CAPTURE_AUTORELEASING = YES;
				CLANG_WARN_BOOL_CONVERSION = YES;
				CLANG_WARN_COMMA = YES;
				CLANG_WARN_CONSTANT_CONVERSION = YES;
				CLANG_WARN_DEPRECATED_OBJC_IMPLEMENTATIONS = YES;
				CLANG_WARN_DIRECT_OBJC_ISA_USAGE = YES_ERROR;
				CLANG_WARN_DOCUMENTATION_COMMENTS = YES;
				CLANG_WARN_EMPTY_BODY = YES;
				CLANG_WARN_ENUM_CONVERSION = YES;
				CLANG_WARN_INFINITE_RECURSION = YES;
				CLANG_WARN_INT_CONVERSION = YES;
				CLANG_WARN_NON_LITERAL_NULL_CONVERSION = YES;
				CLANG_WARN_OBJC_IMPLICIT_RETAIN_SELF = YES;
				CLANG_WARN_OBJC_LITERAL_CONVERSION = YES;
				CLANG_WARN_OBJC_ROOT_CLASS = YES_ERROR;
				CLANG_WARN_QUOTED_INCLUDE_IN_FRAMEWORK_HEADER = YES;
				CLANG_WARN_RANGE_LOOP_ANALYSIS = YES;
				CLANG_WARN_STRICT_PROTOTYPES = YES;
				CLANG_WARN_SUSPICIOUS_MOVE = YES;
				CLANG_WARN_UNGUARDED_AVAILABILITY = YES_AGGRESSIVE;
				CLANG_WARN_UNREACHABLE_CODE = YES;
				CLANG_WARN__DUPLICATE_METHOD_MATCH = YES;
				COPY_PHASE_STRIP = NO;
				DEBUG_INFORMATION_FORMAT = "dwarf-with-dsym";
				ENABLE_NS_ASSERTIONS = NO;
				ENABLE_STRICT_OBJC_MSGSEND = YES;
				GCC_C_LANGUAGE_STANDARD = gnu11;
				GCC_NO_COMMON_BLOCKS = YES;
				GCC_WARN_64_TO_32_BIT_CONVERSION = YES;
				GCC_WARN_ABOUT_RETURN_TYPE = YES_ERROR;
				GCC_WARN_UNDECLARED_SELECTOR = YES;
				GCC_WARN_UNINITIALIZED_AUTOS = YES_AGGRESSIVE;
				GCC_WARN_UNUSED_FUNCTION = YES;
				GCC_WARN_UNUSED_VARIABLE = YES;
				IPHONEOS_DEPLOYMENT_TARGET = 16.4;
				MTL_ENABLE_DEBUG_INFO = NO;
				MTL_FAST_MATH = YES;
				SDKROOT = iphoneos;
				SWIFT_COMPILATION_MODE = wholemodule;
				SWIFT_OPTIMIZATION_LEVEL = "-O";
				VALIDATE_PRODUCT = YES;
			};
			name = Release;
		};
		1AD621EB2B4EA26600DC9D52 /* Debug */ = {
			isa = XCBuildConfiguration;
			buildSettings = {
				ASSETCATALOG_COMPILER_APPICON_NAME = AppIcon;
				ASSETCATALOG_COMPILER_GLOBAL_ACCENT_COLOR_NAME = AccentColor;
				CODE_SIGN_STYLE = Automatic;
				CURRENT_PROJECT_VERSION = 1;
				GENERATE_INFOPLIST_FILE = YES;
				INFOPLIST_FILE = "MVVM(Study APP)/Info.plist";
				INFOPLIST_KEY_UIApplicationSupportsIndirectInputEvents = YES;
				INFOPLIST_KEY_UILaunchStoryboardName = LaunchScreen;
				INFOPLIST_KEY_UISupportedInterfaceOrientations = UIInterfaceOrientationPortrait;
				LD_RUNPATH_SEARCH_PATHS = (
					"$(inherited)",
					"@executable_path/Frameworks",
				);
				MARKETING_VERSION = 1.0;
				PRODUCT_BUNDLE_IDENTIFIER = "com.Aleksandr.MVVM-Study-APP-";
				PRODUCT_NAME = "$(TARGET_NAME)";
				SWIFT_EMIT_LOC_STRINGS = YES;
				SWIFT_VERSION = 5.0;
				TARGETED_DEVICE_FAMILY = "1,2";
			};
			name = Debug;
		};
		1AD621EC2B4EA26600DC9D52 /* Release */ = {
			isa = XCBuildConfiguration;
			buildSettings = {
				ASSETCATALOG_COMPILER_APPICON_NAME = AppIcon;
				ASSETCATALOG_COMPILER_GLOBAL_ACCENT_COLOR_NAME = AccentColor;
				CODE_SIGN_STYLE = Automatic;
				CURRENT_PROJECT_VERSION = 1;
				GENERATE_INFOPLIST_FILE = YES;
				INFOPLIST_FILE = "MVVM(Study APP)/Info.plist";
				INFOPLIST_KEY_UIApplicationSupportsIndirectInputEvents = YES;
				INFOPLIST_KEY_UILaunchStoryboardName = LaunchScreen;
				INFOPLIST_KEY_UISupportedInterfaceOrientations = UIInterfaceOrientationPortrait;
				LD_RUNPATH_SEARCH_PATHS = (
					"$(inherited)",
					"@executable_path/Frameworks",
				);
				MARKETING_VERSION = 1.0;
				PRODUCT_BUNDLE_IDENTIFIER = "com.Aleksandr.MVVM-Study-APP-";
				PRODUCT_NAME = "$(TARGET_NAME)";
				SWIFT_EMIT_LOC_STRINGS = YES;
				SWIFT_VERSION = 5.0;
				TARGETED_DEVICE_FAMILY = "1,2";
			};
			name = Release;
		};
		1AD621EE2B4EA26600DC9D52 /* Debug */ = {
			isa = XCBuildConfiguration;
			buildSettings = {
				ALWAYS_EMBED_SWIFT_STANDARD_LIBRARIES = YES;
				BUNDLE_LOADER = "$(TEST_HOST)";
				CODE_SIGN_STYLE = Automatic;
				CURRENT_PROJECT_VERSION = 1;
				GENERATE_INFOPLIST_FILE = YES;
				IPHONEOS_DEPLOYMENT_TARGET = 16.4;
				MARKETING_VERSION = 1.0;
				PRODUCT_BUNDLE_IDENTIFIER = "com.Aleksandr.MVVM-Study-APP-Tests";
				PRODUCT_NAME = "$(TARGET_NAME)";
				SWIFT_EMIT_LOC_STRINGS = NO;
				SWIFT_VERSION = 5.0;
				TARGETED_DEVICE_FAMILY = "1,2";
				TEST_HOST = "$(BUILT_PRODUCTS_DIR)/MVVM(Study APP).app/$(BUNDLE_EXECUTABLE_FOLDER_PATH)/MVVM(Study APP)";
			};
			name = Debug;
		};
		1AD621EF2B4EA26600DC9D52 /* Release */ = {
			isa = XCBuildConfiguration;
			buildSettings = {
				ALWAYS_EMBED_SWIFT_STANDARD_LIBRARIES = YES;
				BUNDLE_LOADER = "$(TEST_HOST)";
				CODE_SIGN_STYLE = Automatic;
				CURRENT_PROJECT_VERSION = 1;
				GENERATE_INFOPLIST_FILE = YES;
				IPHONEOS_DEPLOYMENT_TARGET = 16.4;
				MARKETING_VERSION = 1.0;
				PRODUCT_BUNDLE_IDENTIFIER = "com.Aleksandr.MVVM-Study-APP-Tests";
				PRODUCT_NAME = "$(TARGET_NAME)";
				SWIFT_EMIT_LOC_STRINGS = NO;
				SWIFT_VERSION = 5.0;
				TARGETED_DEVICE_FAMILY = "1,2";
				TEST_HOST = "$(BUILT_PRODUCTS_DIR)/MVVM(Study APP).app/$(BUNDLE_EXECUTABLE_FOLDER_PATH)/MVVM(Study APP)";
			};
			name = Release;
		};
		1AD621F12B4EA26600DC9D52 /* Debug */ = {
			isa = XCBuildConfiguration;
			buildSettings = {
				ALWAYS_EMBED_SWIFT_STANDARD_LIBRARIES = YES;
				CODE_SIGN_STYLE = Automatic;
				CURRENT_PROJECT_VERSION = 1;
				GENERATE_INFOPLIST_FILE = YES;
				MARKETING_VERSION = 1.0;
				PRODUCT_BUNDLE_IDENTIFIER = "com.Aleksandr.MVVM-Study-APP-UITests";
				PRODUCT_NAME = "$(TARGET_NAME)";
				SWIFT_EMIT_LOC_STRINGS = NO;
				SWIFT_VERSION = 5.0;
				TARGETED_DEVICE_FAMILY = "1,2";
				TEST_TARGET_NAME = "MVVM(Study APP)";
			};
			name = Debug;
		};
		1AD621F22B4EA26600DC9D52 /* Release */ = {
			isa = XCBuildConfiguration;
			buildSettings = {
				ALWAYS_EMBED_SWIFT_STANDARD_LIBRARIES = YES;
				CODE_SIGN_STYLE = Automatic;
				CURRENT_PROJECT_VERSION = 1;
				GENERATE_INFOPLIST_FILE = YES;
				MARKETING_VERSION = 1.0;
				PRODUCT_BUNDLE_IDENTIFIER = "com.Aleksandr.MVVM-Study-APP-UITests";
				PRODUCT_NAME = "$(TARGET_NAME)";
				SWIFT_EMIT_LOC_STRINGS = NO;
				SWIFT_VERSION = 5.0;
				TARGETED_DEVICE_FAMILY = "1,2";
				TEST_TARGET_NAME = "MVVM(Study APP)";
			};
			name = Release;
		};
/* End XCBuildConfiguration section */

/* Begin XCConfigurationList section */
		1AD621BB2B4EA26500DC9D52 /* Build configuration list for PBXProject "MVVM(Study APP)" */ = {
			isa = XCConfigurationList;
			buildConfigurations = (
				1AD621E82B4EA26600DC9D52 /* Debug */,
				1AD621E92B4EA26600DC9D52 /* Release */,
			);
			defaultConfigurationIsVisible = 0;
			defaultConfigurationName = Release;
		};
		1AD621EA2B4EA26600DC9D52 /* Build configuration list for PBXNativeTarget "MVVM(Study APP)" */ = {
			isa = XCConfigurationList;
			buildConfigurations = (
				1AD621EB2B4EA26600DC9D52 /* Debug */,
				1AD621EC2B4EA26600DC9D52 /* Release */,
			);
			defaultConfigurationIsVisible = 0;
			defaultConfigurationName = Release;
		};
		1AD621ED2B4EA26600DC9D52 /* Build configuration list for PBXNativeTarget "MVVM(Study APP)Tests" */ = {
			isa = XCConfigurationList;
			buildConfigurations = (
				1AD621EE2B4EA26600DC9D52 /* Debug */,
				1AD621EF2B4EA26600DC9D52 /* Release */,
			);
			defaultConfigurationIsVisible = 0;
			defaultConfigurationName = Release;
		};
		1AD621F02B4EA26600DC9D52 /* Build configuration list for PBXNativeTarget "MVVM(Study APP)UITests" */ = {
			isa = XCConfigurationList;
			buildConfigurations = (
				1AD621F12B4EA26600DC9D52 /* Debug */,
				1AD621F22B4EA26600DC9D52 /* Release */,
			);
			defaultConfigurationIsVisible = 0;
			defaultConfigurationName = Release;
		};
/* End XCConfigurationList section */

/* Begin XCRemoteSwiftPackageReference section */
		1A49EB9A2B55161800C943CD /* XCRemoteSwiftPackageReference "SnapKit" */ = {
			isa = XCRemoteSwiftPackageReference;
			repositoryURL = "https://github.com/SnapKit/SnapKit.git";
			requirement = {
				kind = upToNextMajorVersion;
				minimumVersion = 5.0.0;
			};
		};
		1A49EBA12B5596D200C943CD /* XCRemoteSwiftPackageReference "SDWebImage" */ = {
			isa = XCRemoteSwiftPackageReference;
			repositoryURL = "https://github.com/SDWebImage/SDWebImage";
			requirement = {
				kind = upToNextMajorVersion;
				minimumVersion = 5.0.0;
			};
		};
/* End XCRemoteSwiftPackageReference section */

/* Begin XCSwiftPackageProductDependency section */
		1A49EB9B2B55161800C943CD /* SnapKit */ = {
			isa = XCSwiftPackageProductDependency;
			package = 1A49EB9A2B55161800C943CD /* XCRemoteSwiftPackageReference "SnapKit" */;
			productName = SnapKit;
		};
		1A49EBA22B5596D200C943CD /* SDWebImage */ = {
			isa = XCSwiftPackageProductDependency;
			package = 1A49EBA12B5596D200C943CD /* XCRemoteSwiftPackageReference "SDWebImage" */;
			productName = SDWebImage;
		};
/* End XCSwiftPackageProductDependency section */
	};
	rootObject = 1AD621B82B4EA26500DC9D52 /* Project object */;
}
